<Solution>
  <Folder Name="/samples/" />
  <Folder Name="/samples/Basic/" />
  <Folder Name="/samples/Basic/Client/">
    <Project Path="samples/Basic/Client/Basic.Client.csproj" />
  </Folder>
  <Folder Name="/samples/Basic/Server/">
    <Project Path="samples/Basic/Server/Basic.Server.csproj" />
  </Folder>
  <Folder Name="/samples/Chat/" />
  <Folder Name="/samples/Chat/Client/">
    <Project Path="samples/Chat/Client/Chat.Client.csproj" />
  </Folder>
  <Folder Name="/samples/Chat/Server/">
    <Project Path="samples/Chat/Server/Chat.Server.csproj" />
  </Folder>
  <Folder Name="/src/">
    <Project Path="src/SecureSocket.Client/SecureSocket.Client.csproj" />
    <Project Path="src/SecureSocket.Common/SecureSocket.Common.csproj" />
    <Project Path="src/SecureSocket.Server.Auth.Sqlite/SecureSocket.Server.Auth.Sqlite.csproj" />
    <Project Path="src/SecureSocket.Server/SecureSocket.Server.csproj" />
  </Folder>
</Solution>
